
Microsoft Visual Studio Solution File, Format Version 12.00
# Visual Studio Version 17
VisualStudioVersion = 17.3.32811.315
MinimumVisualStudioVersion = 10.0.40219.1
Project("{9A19103F-16F7-4668-BE54-9A1E7A4F7556}") = "SI7021_CP2112_NET", "SI7021_CP2112_NET.csproj", "{B06F9C56-5574-4344-91CA-C5D6AEBB19AE}"
EndProject
Global
	GlobalSection(SolutionConfigurationPlatforms) = preSolution
		Debug|Any CPU = Debug|Any CPU
		Release|Any CPU = Release|Any CPU
	EndGlobalSection
	GlobalSection(ProjectConfigurationPlatforms) = postSolution
		{B06F9C56-5574-4344-91CA-C5D6AEBB19AE}.Debug|Any CPU.ActiveCfg = Debug|Any CPU
		{B06F9C56-5574-4344-91CA-C5D6AEBB19AE}.Debug|Any CPU.Build.0 = Debug|Any CPU
		{B06F9C56-5574-4344-91CA-C5D6AEBB19AE}.Release|Any CPU.ActiveCfg = Release|Any CPU
		{B06F9C56-5574-4344-91CA-C5D6AEBB19AE}.Release|Any CPU.Build.0 = Release|Any CPU
	EndGlobalSection
	GlobalSection(SolutionProperties) = preSolution
		HideSolutionNode = FALSE
	EndGlobalSection
	GlobalSection(ExtensibilityGlobals) = postSolution
		SolutionGuid = {3B0D936F-33CC-45ED-A1B9-CB384D834EEA}
	EndGlobalSection
EndGlobal
